
Microsoft Visual Studio Solution File, Format Version 12.00
# Visual Studio Version 17
VisualStudioVersion = 17.3.32929.385
MinimumVisualStudioVersion = 10.0.40219.1
Project("{FAE04EC0-301F-11D3-BF4B-00C04F79EFBC}") = "Memento_Observe_State", "Memento_Observe_State\Memento_Observe_State.csproj", "{68462A95-63FB-45CC-A3D3-4D5737152F64}"
EndProject
Global
	GlobalSection(SolutionConfigurationPlatforms) = preSolution
		Debug|Any CPU = Debug|Any CPU
		Release|Any CPU = Release|Any CPU
	EndGlobalSection
	GlobalSection(ProjectConfigurationPlatforms) = postSolution
		{68462A95-63FB-45CC-A3D3-4D5737152F64}.Debug|Any CPU.ActiveCfg = Debug|Any CPU
		{68462A95-63FB-45CC-A3D3-4D5737152F64}.Debug|Any CPU.Build.0 = Debug|Any CPU
		{68462A95-63FB-45CC-A3D3-4D5737152F64}.Release|Any CPU.ActiveCfg = Release|Any CPU
		{68462A95-63FB-45CC-A3D3-4D5737152F64}.Release|Any CPU.Build.0 = Release|Any CPU
	EndGlobalSection
	GlobalSection(SolutionProperties) = preSolution
		HideSolutionNode = FALSE
	EndGlobalSection
	GlobalSection(ExtensibilityGlobals) = postSolution
		SolutionGuid = {3337800F-CF27-4346-9440-1E38EC07C180}
	EndGlobalSection
EndGlobal
